
Microsoft Visual Studio Solution File, Format Version 12.00
# Visual Studio 15
VisualStudioVersion = 15.0.28307.329
MinimumVisualStudioVersion = 10.0.40219.1
Project("{FAE04EC0-301F-11D3-BF4B-00C04F79EFBC}") = "AdapterPattern", "AdapterPattern\AdapterPattern.csproj", "{EC718DFA-A3CD-4207-9A18-756359D5001A}"
EndProject
Global
	GlobalSection(SolutionConfigurationPlatforms) = preSolution
		Debug|Any CPU = Debug|Any CPU
		Release|Any CPU = Release|Any CPU
	EndGlobalSection
	GlobalSection(ProjectConfigurationPlatforms) = postSolution
		{EC718DFA-A3CD-4207-9A18-756359D5001A}.Debug|Any CPU.ActiveCfg = Debug|Any CPU
		{EC718DFA-A3CD-4207-9A18-756359D5001A}.Debug|Any CPU.Build.0 = Debug|Any CPU
		{EC718DFA-A3CD-4207-9A18-756359D5001A}.Release|Any CPU.ActiveCfg = Release|Any CPU
		{EC718DFA-A3CD-4207-9A18-756359D5001A}.Release|Any CPU.Build.0 = Release|Any CPU
	EndGlobalSection
	GlobalSection(SolutionProperties) = preSolution
		HideSolutionNode = FALSE
	EndGlobalSection
	GlobalSection(ExtensibilityGlobals) = postSolution
		SolutionGuid = {4FCE36DC-C6DF-485F-8B70-AB82D3271818}
	EndGlobalSection
EndGlobal
