
Microsoft Visual Studio Solution File, Format Version 12.00
# Visual Studio 15
VisualStudioVersion = 15.0.28307.168
MinimumVisualStudioVersion = 10.0.40219.1
Project("{FAE04EC0-301F-11D3-BF4B-00C04F79EFBC}") = "FacetedBuilder", "FacetedBuilder\FacetedBuilder.csproj", "{307513F9-2A8F-4AFA-B6DE-F42A03F26FCF}"
EndProject
Global
	GlobalSection(SolutionConfigurationPlatforms) = preSolution
		Debug|Any CPU = Debug|Any CPU
		Release|Any CPU = Release|Any CPU
	EndGlobalSection
	GlobalSection(ProjectConfigurationPlatforms) = postSolution
		{307513F9-2A8F-4AFA-B6DE-F42A03F26FCF}.Debug|Any CPU.ActiveCfg = Debug|Any CPU
		{307513F9-2A8F-4AFA-B6DE-F42A03F26FCF}.Debug|Any CPU.Build.0 = Debug|Any CPU
		{307513F9-2A8F-4AFA-B6DE-F42A03F26FCF}.Release|Any CPU.ActiveCfg = Release|Any CPU
		{307513F9-2A8F-4AFA-B6DE-F42A03F26FCF}.Release|Any CPU.Build.0 = Release|Any CPU
	EndGlobalSection
	GlobalSection(SolutionProperties) = preSolution
		HideSolutionNode = FALSE
	EndGlobalSection
	GlobalSection(ExtensibilityGlobals) = postSolution
		SolutionGuid = {0A1FA5B1-21AC-4108-AFB0-0C9681E33FD8}
	EndGlobalSection
EndGlobal
