
Microsoft Visual Studio Solution File, Format Version 12.00
# Visual Studio 15
VisualStudioVersion = 15.0.28307.271
MinimumVisualStudioVersion = 10.0.40219.1
Project("{FAE04EC0-301F-11D3-BF4B-00C04F79EFBC}") = "FactoryMethod", "FactoryMethod\FactoryMethod.csproj", "{A0EA52FF-D533-40CE-82B1-A6C3A49A712C}"
EndProject
Global
	GlobalSection(SolutionConfigurationPlatforms) = preSolution
		Debug|Any CPU = Debug|Any CPU
		Release|Any CPU = Release|Any CPU
	EndGlobalSection
	GlobalSection(ProjectConfigurationPlatforms) = postSolution
		{A0EA52FF-D533-40CE-82B1-A6C3A49A712C}.Debug|Any CPU.ActiveCfg = Debug|Any CPU
		{A0EA52FF-D533-40CE-82B1-A6C3A49A712C}.Debug|Any CPU.Build.0 = Debug|Any CPU
		{A0EA52FF-D533-40CE-82B1-A6C3A49A712C}.Release|Any CPU.ActiveCfg = Release|Any CPU
		{A0EA52FF-D533-40CE-82B1-A6C3A49A712C}.Release|Any CPU.Build.0 = Release|Any CPU
	EndGlobalSection
	GlobalSection(SolutionProperties) = preSolution
		HideSolutionNode = FALSE
	EndGlobalSection
	GlobalSection(ExtensibilityGlobals) = postSolution
		SolutionGuid = {9D94DC77-556A-4CAD-921B-A6023DD5862D}
	EndGlobalSection
EndGlobal
